
Microsoft Visual Studio Solution File, Format Version 12.00
# Visual Studio Version 17
VisualStudioVersion = 17.2.32526.322
MinimumVisualStudioVersion = 10.0.40219.1
Project("{FAE04EC0-301F-11D3-BF4B-00C04F79EFBC}") = "Car_App", "Car_App\Car_App.csproj", "{DE927C92-8871-47F8-B45D-A38E9283B624}"
EndProject
Global
	GlobalSection(SolutionConfigurationPlatforms) = preSolution
		Debug|Any CPU = Debug|Any CPU
		Release|Any CPU = Release|Any CPU
	EndGlobalSection
	GlobalSection(ProjectConfigurationPlatforms) = postSolution
		{DE927C92-8871-47F8-B45D-A38E9283B624}.Debug|Any CPU.ActiveCfg = Debug|Any CPU
		{DE927C92-8871-47F8-B45D-A38E9283B624}.Debug|Any CPU.Build.0 = Debug|Any CPU
		{DE927C92-8871-47F8-B45D-A38E9283B624}.Release|Any CPU.ActiveCfg = Release|Any CPU
		{DE927C92-8871-47F8-B45D-A38E9283B624}.Release|Any CPU.Build.0 = Release|Any CPU
	EndGlobalSection
	GlobalSection(SolutionProperties) = preSolution
		HideSolutionNode = FALSE
	EndGlobalSection
	GlobalSection(ExtensibilityGlobals) = postSolution
		SolutionGuid = {60B1C9E9-0466-41FB-A09C-F016FBE9AF26}
	EndGlobalSection
EndGlobal
